
Microsoft Visual Studio Solution File, Format Version 12.00
# Visual Studio Version 17
VisualStudioVersion = 17.1.32414.318
MinimumVisualStudioVersion = 10.0.40219.1
Project("{9A19103F-16F7-4668-BE54-9A1E7A4F7556}") = "PolyRushLibrary", "PolyRushLibrary\PolyRushLibrary.csproj", "{A56DA0F2-06D0-48DE-9B2F-153D0836B34F}"
EndProject
Project("{9A19103F-16F7-4668-BE54-9A1E7A4F7556}") = "PolyRushAPI", "PolyRushAPI\PolyRushAPI.csproj", "{848042AA-8A75-4E57-BF70-A284DD49C16E}"
EndProject
Project("{9A19103F-16F7-4668-BE54-9A1E7A4F7556}") = "PolyRushWeb", "PolyRushWeb\PolyRushWeb.csproj", "{0836AC50-7885-46BF-B207-8A7C894E0567}"
EndProject
Global
	GlobalSection(SolutionConfigurationPlatforms) = preSolution
		Debug|Any CPU = Debug|Any CPU
		Release|Any CPU = Release|Any CPU
	EndGlobalSection
	GlobalSection(ProjectConfigurationPlatforms) = postSolution
		{A56DA0F2-06D0-48DE-9B2F-153D0836B34F}.Debug|Any CPU.ActiveCfg = Debug|Any CPU
		{A56DA0F2-06D0-48DE-9B2F-153D0836B34F}.Debug|Any CPU.Build.0 = Debug|Any CPU
		{A56DA0F2-06D0-48DE-9B2F-153D0836B34F}.Release|Any CPU.ActiveCfg = Release|Any CPU
		{A56DA0F2-06D0-48DE-9B2F-153D0836B34F}.Release|Any CPU.Build.0 = Release|Any CPU
		{848042AA-8A75-4E57-BF70-A284DD49C16E}.Debug|Any CPU.ActiveCfg = Debug|Any CPU
		{848042AA-8A75-4E57-BF70-A284DD49C16E}.Debug|Any CPU.Build.0 = Debug|Any CPU
		{848042AA-8A75-4E57-BF70-A284DD49C16E}.Release|Any CPU.ActiveCfg = Release|Any CPU
		{848042AA-8A75-4E57-BF70-A284DD49C16E}.Release|Any CPU.Build.0 = Release|Any CPU
		{0836AC50-7885-46BF-B207-8A7C894E0567}.Debug|Any CPU.ActiveCfg = Debug|Any CPU
		{0836AC50-7885-46BF-B207-8A7C894E0567}.Debug|Any CPU.Build.0 = Debug|Any CPU
		{0836AC50-7885-46BF-B207-8A7C894E0567}.Release|Any CPU.ActiveCfg = Release|Any CPU
		{0836AC50-7885-46BF-B207-8A7C894E0567}.Release|Any CPU.Build.0 = Release|Any CPU
	EndGlobalSection
	GlobalSection(SolutionProperties) = preSolution
		HideSolutionNode = FALSE
	EndGlobalSection
	GlobalSection(ExtensibilityGlobals) = postSolution
		SolutionGuid = {221C6699-A461-4ABE-AEE6-117FEABBA253}
	EndGlobalSection
EndGlobal
